
Microsoft Visual Studio Solution File, Format Version 12.00
# Visual Studio Version 17
VisualStudioVersion = 17.2.32630.192
MinimumVisualStudioVersion = 10.0.40219.1
Project("{FAE04EC0-301F-11D3-BF4B-00C04F79EFBC}") = "NullableConsole", "NullableConsole\NullableConsole.csproj", "{AEE41C1B-8CBC-4A6C-A837-12C2875A2893}"
EndProject
Project("{9A19103F-16F7-4668-BE54-9A1E7A4F7556}") = "EierfarmDal", "EierfarmDal\EierfarmDal.csproj", "{FBD5A177-2978-4FC0-9CFB-BE229CFF5D9E}"
EndProject
Global
	GlobalSection(SolutionConfigurationPlatforms) = preSolution
		Debug|Any CPU = Debug|Any CPU
		Release|Any CPU = Release|Any CPU
	EndGlobalSection
	GlobalSection(ProjectConfigurationPlatforms) = postSolution
		{AEE41C1B-8CBC-4A6C-A837-12C2875A2893}.Debug|Any CPU.ActiveCfg = Debug|Any CPU
		{AEE41C1B-8CBC-4A6C-A837-12C2875A2893}.Debug|Any CPU.Build.0 = Debug|Any CPU
		{AEE41C1B-8CBC-4A6C-A837-12C2875A2893}.Release|Any CPU.ActiveCfg = Release|Any CPU
		{AEE41C1B-8CBC-4A6C-A837-12C2875A2893}.Release|Any CPU.Build.0 = Release|Any CPU
		{FBD5A177-2978-4FC0-9CFB-BE229CFF5D9E}.Debug|Any CPU.ActiveCfg = Debug|Any CPU
		{FBD5A177-2978-4FC0-9CFB-BE229CFF5D9E}.Debug|Any CPU.Build.0 = Debug|Any CPU
		{FBD5A177-2978-4FC0-9CFB-BE229CFF5D9E}.Release|Any CPU.ActiveCfg = Release|Any CPU
		{FBD5A177-2978-4FC0-9CFB-BE229CFF5D9E}.Release|Any CPU.Build.0 = Release|Any CPU
	EndGlobalSection
	GlobalSection(SolutionProperties) = preSolution
		HideSolutionNode = FALSE
	EndGlobalSection
	GlobalSection(ExtensibilityGlobals) = postSolution
		SolutionGuid = {3C645653-B418-481D-B969-825A80B8DA54}
	EndGlobalSection
EndGlobal
